
Microsoft Visual Studio Solution File, Format Version 11.00
# Visual C++ Express 2010
Project("{8BC9CEB8-8B4A-11D0-8D11-00A0C91BC942}") = "Random", "Random\Random.vcxproj", "{177B9A05-FD16-4AF9-B78B-E2A60FB640A9}"
EndProject
Global
	GlobalSection(SolutionConfigurationPlatforms) = preSolution
		Debug|Win32 = Debug|Win32
		Release|Win32 = Release|Win32
	EndGlobalSection
	GlobalSection(ProjectConfigurationPlatforms) = postSolution
		{177B9A05-FD16-4AF9-B78B-E2A60FB640A9}.Debug|Win32.ActiveCfg = Debug|Win32
		{177B9A05-FD16-4AF9-B78B-E2A60FB640A9}.Debug|Win32.Build.0 = Debug|Win32
		{177B9A05-FD16-4AF9-B78B-E2A60FB640A9}.Release|Win32.ActiveCfg = Release|Win32
		{177B9A05-FD16-4AF9-B78B-E2A60FB640A9}.Release|Win32.Build.0 = Release|Win32
	EndGlobalSection
	GlobalSection(SolutionProperties) = preSolution
		HideSolutionNode = FALSE
	EndGlobalSection
EndGlobal
